{
    "name": "email-service",
    "version": "0.8.12",
    "lockfileVersion": 2,
    "requires": true,
    "packages": {
        "": {
            "name": "email-service",
            "version": "0.8.12",
            "license": "MIT",
            "devDependencies": {
                "@cloudflare/workers-types": "^4.20230922.0"
            }
        },
        "node_modules/@cloudflare/workers-types": {
            "version": "4.20230922.0",
            "resolved": "https://registry.npmjs.org/@cloudflare/workers-types/-/workers-types-4.20230922.0.tgz",
            "integrity": "sha512-0N3fg4uv9pS7PXMVYmEmEGs1P1yzMIsqym0sO//o2IjtZhsf7RwOozJtdazDAL0fBIWsl1PRX7BmKe92RV+5qw==",
            "dev": true
        }
    },
    "dependencies": {
        "@cloudflare/workers-types": {
            "version": "4.20230922.0",
            "resolved": "https://registry.npmjs.org/@cloudflare/workers-types/-/workers-types-4.20230922.0.tgz",
            "integrity": "sha512-0N3fg4uv9pS7PXMVYmEmEGs1P1yzMIsqym0sO//o2IjtZhsf7RwOozJtdazDAL0fBIWsl1PRX7BmKe92RV+5qw==",
            "dev": true
        }
    }
}
