{
    "name": "email-service",
    "version": "0.8.8",
    "lockfileVersion": 2,
    "requires": true,
    "packages": {
        "": {
            "version": "0.8.8",
            "license": "MIT",
            "devDependencies": {
                "@cloudflare/workers-types": "^4.20230511.0"
            }
        },
        "node_modules/@cloudflare/workers-types": {
            "version": "4.20230511.0",
            "resolved": "https://registry.npmjs.org/@cloudflare/workers-types/-/workers-types-4.20230511.0.tgz",
            "integrity": "sha512-Br4i/8+t60HDJIo8o7O9Rrmp03bhdejRW9klb0bK9EfG5Ii7qz5G3PJO12gUz+Vu9m1v9tZ9KOh3Gg8oshXtug==",
            "dev": true
        }
    },
    "dependencies": {
        "@cloudflare/workers-types": {
            "version": "4.20230511.0",
            "resolved": "https://registry.npmjs.org/@cloudflare/workers-types/-/workers-types-4.20230511.0.tgz",
            "integrity": "sha512-Br4i/8+t60HDJIo8o7O9Rrmp03bhdejRW9klb0bK9EfG5Ii7qz5G3PJO12gUz+Vu9m1v9tZ9KOh3Gg8oshXtug==",
            "dev": true
        }
    }
}
