{
    "name": "email-service",
    "version": "0.8.8",
    "lockfileVersion": 2,
    "requires": true,
    "packages": {
        "": {
            "version": "0.8.8",
            "license": "MIT",
            "devDependencies": {
                "@cloudflare/workers-types": "^4.20230628.0"
            }
        },
        "node_modules/@cloudflare/workers-types": {
            "version": "4.20230628.0",
            "resolved": "https://registry.npmjs.org/@cloudflare/workers-types/-/workers-types-4.20230628.0.tgz",
            "integrity": "sha512-dpOFJJPEEWahLJKhj+xRY+VwXu/s/634CVsLVnTNDCfs2KXZx9nwQ/04M0OKBJFdc6jheWwAAv/AGvRvrTDkDg==",
            "dev": true
        }
    },
    "dependencies": {
        "@cloudflare/workers-types": {
            "version": "4.20230628.0",
            "resolved": "https://registry.npmjs.org/@cloudflare/workers-types/-/workers-types-4.20230628.0.tgz",
            "integrity": "sha512-dpOFJJPEEWahLJKhj+xRY+VwXu/s/634CVsLVnTNDCfs2KXZx9nwQ/04M0OKBJFdc6jheWwAAv/AGvRvrTDkDg==",
            "dev": true
        }
    }
}
